{
  "requires": true,
  "lockfileVersion": 1,
  "dependencies": {
    "bootstrap": {
      "version": "5.2.3",
      "resolved": "https://registry.npmjs.org/bootstrap/-/bootstrap-5.2.3.tgz",
      "integrity": "sha512-cEKPM+fwb3cT8NzQZYEu4HilJ3anCrWqh3CHAok1p9jXqMPsPTBhU25fBckEJHJ/p+tTxTFTsFQGM+gaHpi3QQ=="
    },
    "startbootstrap-sb-admin": {
      "version": "7.0.7",
      "resolved": "https://registry.npmjs.org/startbootstrap-sb-admin/-/startbootstrap-sb-admin-7.0.7.tgz",
      "integrity": "sha512-8GcoX/qZLUVOSX+7qWHgnruioIHew6jwcDY6NMjG8sfwHhkBnpPAcUhtqP0ikJE4T0/lMyxvr8zHcmZkN6y/kQ==",
      "requires": {
        "bootstrap": "5.2.3"
      }
    }
  }
}
